// !$*UTF8*$!
{
	archiveVersion = 1;
	classes = {
	};
	objectVersion = 50;
	objects = {

/* Begin PBXBuildFile section */
		BBD7502C210B795D00D35A42 /* AppDelegate.m in Sources */ = {isa = PBXBuildFile; fileRef = BBD7502B210B795D00D35A42 /* AppDelegate.m */; };
		BBD7502F210B795D00D35A42 /* ViewController.m in Sources */ = {isa = PBXBuildFile; fileRef = BBD7502E210B795D00D35A42 /* ViewController.m */; };
		BBD75032210B795D00D35A42 /* Main.storyboard in Resources */ = {isa = PBXBuildFile; fileRef = BBD75030210B795D00D35A42 /* Main.storyboard */; };
		BBD75034210B795F00D35A42 /* Assets.xcassets in Resources */ = {isa = PBXBuildFile; fileRef = BBD75033210B795F00D35A42 /* Assets.xcassets */; };
		BBD75037210B795F00D35A42 /* LaunchScreen.storyboard in Resources */ = {isa = PBXBuildFile; fileRef = BBD75035210B795F00D35A42 /* LaunchScreen.storyboard */; };
		BBD7503A210B795F00D35A42 /* main.m in Sources */ = {isa = PBXBuildFile; fileRef = BBD75039210B795F00D35A42 /* main.m */; };
		BBD75050210C433800D35A42 /* WinLine.m in Sources */ = {isa = PBXBuildFile; fileRef = BBD7504F210C433800D35A42 /* WinLine.m */; };
		BBD75053210C438700D35A42 /* GameBoard.m in Sources */ = {isa = PBXBuildFile; fileRef = BBD75052210C438700D35A42 /* GameBoard.m */; };
		BBD75056210C43FF00D35A42 /* AppState.m in Sources */ = {isa = PBXBuildFile; fileRef = BBD75055210C43FF00D35A42 /* AppState.m */; };
		BBD7505C210C616900D35A42 /* Constants.m in Sources */ = {isa = PBXBuildFile; fileRef = BBD7505B210C616900D35A42 /* Constants.m */; };
		BBD7505E210C7A0700D35A42 /* AppStateTests.m in Sources */ = {isa = PBXBuildFile; fileRef = BBD7505D210C7A0700D35A42 /* AppStateTests.m */; };
		BBD75060210C89CD00D35A42 /* GameBoardTests.m in Sources */ = {isa = PBXBuildFile; fileRef = BBD7505F210C89CD00D35A42 /* GameBoardTests.m */; };
		BBD75066210CC18400D35A42 /* GameViewController.m in Sources */ = {isa = PBXBuildFile; fileRef = BBD75065210CC18400D35A42 /* GameViewController.m */; };
		BBD75069210D0C2700D35A42 /* WinView.m in Sources */ = {isa = PBXBuildFile; fileRef = BBD75068210D0C2700D35A42 /* WinView.m */; };
/* End PBXBuildFile section */

/* Begin PBXContainerItemProxy section */
		BBD75040210B796000D35A42 /* PBXContainerItemProxy */ = {
			isa = PBXContainerItemProxy;
			containerPortal = BBD7501F210B795D00D35A42 /* Project object */;
			proxyType = 1;
			remoteGlobalIDString = BBD75026210B795D00D35A42;
			remoteInfo = TicTacToe;
		};
/* End PBXContainerItemProxy section */

/* Begin PBXFileReference section */
		BBD75027210B795D00D35A42 /* TicTacToe.app */ = {isa = PBXFileReference; explicitFileType = wrapper.application; includeInIndex = 0; path = TicTacToe.app; sourceTree = BUILT_PRODUCTS_DIR; };
		BBD7502A210B795D00D35A42 /* AppDelegate.h */ = {isa = PBXFileReference; lastKnownFileType = sourcecode.c.h; path = AppDelegate.h; sourceTree = "<group>"; };
		BBD7502B210B795D00D35A42 /* AppDelegate.m */ = {isa = PBXFileReference; lastKnownFileType = sourcecode.c.objc; path = AppDelegate.m; sourceTree = "<group>"; };
		BBD7502D210B795D00D35A42 /* ViewController.h */ = {isa = PBXFileReference; lastKnownFileType = sourcecode.c.h; path = ViewController.h; sourceTree = "<group>"; };
		BBD7502E210B795D00D35A42 /* ViewController.m */ = {isa = PBXFileReference; lastKnownFileType = sourcecode.c.objc; path = ViewController.m; sourceTree = "<group>"; };
		BBD75031210B795D00D35A42 /* Base */ = {isa = PBXFileReference; lastKnownFileType = file.storyboard; name = Base; path = Base.lproj/Main.storyboard; sourceTree = "<group>"; };
		BBD75033210B795F00D35A42 /* Assets.xcassets */ = {isa = PBXFileReference; lastKnownFileType = folder.assetcatalog; path = Assets.xcassets; sourceTree = "<group>"; };
		BBD75036210B795F00D35A42 /* Base */ = {isa = PBXFileReference; lastKnownFileType = file.storyboard; name = Base; path = Base.lproj/LaunchScreen.storyboard; sourceTree = "<group>"; };
		BBD75038210B795F00D35A42 /* Info.plist */ = {isa = PBXFileReference; lastKnownFileType = text.plist.xml; path = Info.plist; sourceTree = "<group>"; };
		BBD75039210B795F00D35A42 /* main.m */ = {isa = PBXFileReference; lastKnownFileType = sourcecode.c.objc; path = main.m; sourceTree = "<group>"; };
		BBD7503F210B796000D35A42 /* TicTacToeTests.xctest */ = {isa = PBXFileReference; explicitFileType = wrapper.cfbundle; includeInIndex = 0; path = TicTacToeTests.xctest; sourceTree = BUILT_PRODUCTS_DIR; };
		BBD75045210B796000D35A42 /* Info.plist */ = {isa = PBXFileReference; lastKnownFileType = text.plist.xml; path = Info.plist; sourceTree = "<group>"; };
		BBD7504E210C433800D35A42 /* WinLine.h */ = {isa = PBXFileReference; lastKnownFileType = sourcecode.c.h; path = WinLine.h; sourceTree = "<group>"; };
		BBD7504F210C433800D35A42 /* WinLine.m */ = {isa = PBXFileReference; lastKnownFileType = sourcecode.c.objc; path = WinLine.m; sourceTree = "<group>"; };
		BBD75051210C438700D35A42 /* GameBoard.h */ = {isa = PBXFileReference; lastKnownFileType = sourcecode.c.h; path = GameBoard.h; sourceTree = "<group>"; };
		BBD75052210C438700D35A42 /* GameBoard.m */ = {isa = PBXFileReference; lastKnownFileType = sourcecode.c.objc; path = GameBoard.m; sourceTree = "<group>"; };
		BBD75054210C43FF00D35A42 /* AppState.h */ = {isa = PBXFileReference; lastKnownFileType = sourcecode.c.h; path = AppState.h; sourceTree = "<group>"; };
		BBD75055210C43FF00D35A42 /* AppState.m */ = {isa = PBXFileReference; lastKnownFileType = sourcecode.c.objc; path = AppState.m; sourceTree = "<group>"; };
		BBD75059210C49C300D35A42 /* TicTacToeHeaderPrefix.pch */ = {isa = PBXFileReference; lastKnownFileType = sourcecode.c.h; path = TicTacToeHeaderPrefix.pch; sourceTree = "<group>"; };
		BBD7505A210C616900D35A42 /* Constants.h */ = {isa = PBXFileReference; lastKnownFileType = sourcecode.c.h; path = Constants.h; sourceTree = "<group>"; };
		BBD7505B210C616900D35A42 /* Constants.m */ = {isa = PBXFileReference; lastKnownFileType = sourcecode.c.objc; path = Constants.m; sourceTree = "<group>"; };
		BBD7505D210C7A0700D35A42 /* AppStateTests.m */ = {isa = PBXFileReference; lastKnownFileType = sourcecode.c.objc; path = AppStateTests.m; sourceTree = "<group>"; };
		BBD7505F210C89CD00D35A42 /* GameBoardTests.m */ = {isa = PBXFileReference; lastKnownFileType = sourcecode.c.objc; path = GameBoardTests.m; sourceTree = "<group>"; };
		BBD75064210CC18400D35A42 /* GameViewController.h */ = {isa = PBXFileReference; lastKnownFileType = sourcecode.c.h; path = GameViewController.h; sourceTree = "<group>"; };
		BBD75065210CC18400D35A42 /* GameViewController.m */ = {isa = PBXFileReference; lastKnownFileType = sourcecode.c.objc; path = GameViewController.m; sourceTree = "<group>"; };
		BBD75067210D0C2700D35A42 /* WinView.h */ = {isa = PBXFileReference; lastKnownFileType = sourcecode.c.h; path = WinView.h; sourceTree = "<group>"; };
		BBD75068210D0C2700D35A42 /* WinView.m */ = {isa = PBXFileReference; lastKnownFileType = sourcecode.c.objc; path = WinView.m; sourceTree = "<group>"; };
/* End PBXFileReference section */

/* Begin PBXFrameworksBuildPhase section */
		BBD75024210B795D00D35A42 /* Frameworks */ = {
			isa = PBXFrameworksBuildPhase;
			buildActionMask = 2147483647;
			files = (
			);
			runOnlyForDeploymentPostprocessing = 0;
		};
		BBD7503C210B796000D35A42 /* Frameworks */ = {
			isa = PBXFrameworksBuildPhase;
			buildActionMask = 2147483647;
			files = (
			);
			runOnlyForDeploymentPostprocessing = 0;
		};
/* End PBXFrameworksBuildPhase section */

/* Begin PBXGroup section */
		BBD7501E210B795D00D35A42 = {
			isa = PBXGroup;
			children = (
				BBD75029210B795D00D35A42 /* TicTacToe */,
				BBD75042210B796000D35A42 /* TicTacToeTests */,
				BBD75028210B795D00D35A42 /* Products */,
			);
			sourceTree = "<group>";
		};
		BBD75028210B795D00D35A42 /* Products */ = {
			isa = PBXGroup;
			children = (
				BBD75027210B795D00D35A42 /* TicTacToe.app */,
				BBD7503F210B796000D35A42 /* TicTacToeTests.xctest */,
			);
			name = Products;
			sourceTree = "<group>";
		};
		BBD75029210B795D00D35A42 /* TicTacToe */ = {
			isa = PBXGroup;
			children = (
				BBD7502A210B795D00D35A42 /* AppDelegate.h */,
				BBD7502B210B795D00D35A42 /* AppDelegate.m */,
				BBD7502D210B795D00D35A42 /* ViewController.h */,
				BBD7502E210B795D00D35A42 /* ViewController.m */,
				BBD75030210B795D00D35A42 /* Main.storyboard */,
				BBD75033210B795F00D35A42 /* Assets.xcassets */,
				BBD75035210B795F00D35A42 /* LaunchScreen.storyboard */,
				BBD75038210B795F00D35A42 /* Info.plist */,
				BBD75039210B795F00D35A42 /* main.m */,
				BBD7504E210C433800D35A42 /* WinLine.h */,
				BBD7504F210C433800D35A42 /* WinLine.m */,
				BBD75051210C438700D35A42 /* GameBoard.h */,
				BBD75052210C438700D35A42 /* GameBoard.m */,
				BBD75054210C43FF00D35A42 /* AppState.h */,
				BBD75055210C43FF00D35A42 /* AppState.m */,
				BBD75059210C49C300D35A42 /* TicTacToeHeaderPrefix.pch */,
				BBD7505A210C616900D35A42 /* Constants.h */,
				BBD7505B210C616900D35A42 /* Constants.m */,
				BBD75064210CC18400D35A42 /* GameViewController.h */,
				BBD75065210CC18400D35A42 /* GameViewController.m */,
				BBD75067210D0C2700D35A42 /* WinView.h */,
				BBD75068210D0C2700D35A42 /* WinView.m */,
			);
			path = TicTacToe;
			sourceTree = "<group>";
		};
		BBD75042210B796000D35A42 /* TicTacToeTests */ = {
			isa = PBXGroup;
			children = (
				BBD75045210B796000D35A42 /* Info.plist */,
				BBD7505D210C7A0700D35A42 /* AppStateTests.m */,
				BBD7505F210C89CD00D35A42 /* GameBoardTests.m */,
			);
			path = TicTacToeTests;
			sourceTree = "<group>";
		};
/* End PBXGroup section */

/* Begin PBXNativeTarget section */
		BBD75026210B795D00D35A42 /* TicTacToe */ = {
			isa = PBXNativeTarget;
			buildConfigurationList = BBD75048210B796000D35A42 /* Build configuration list for PBXNativeTarget "TicTacToe" */;
			buildPhases = (
				BBD75023210B795D00D35A42 /* Sources */,
				BBD75024210B795D00D35A42 /* Frameworks */,
				BBD75025210B795D00D35A42 /* Resources */,
			);
			buildRules = (
			);
			dependencies = (
			);
			name = TicTacToe;
			productName = TicTacToe;
			productReference = BBD75027210B795D00D35A42 /* TicTacToe.app */;
			productType = "com.apple.product-type.application";
		};
		BBD7503E210B796000D35A42 /* TicTacToeTests */ = {
			isa = PBXNativeTarget;
			buildConfigurationList = BBD7504B210B796000D35A42 /* Build configuration list for PBXNativeTarget "TicTacToeTests" */;
			buildPhases = (
				BBD7503B210B796000D35A42 /* Sources */,
				BBD7503C210B796000D35A42 /* Frameworks */,
				BBD7503D210B796000D35A42 /* Resources */,
			);
			buildRules = (
			);
			dependencies = (
				BBD75041210B796000D35A42 /* PBXTargetDependency */,
			);
			name = TicTacToeTests;
			productName = TicTacToeTests;
			productReference = BBD7503F210B796000D35A42 /* TicTacToeTests.xctest */;
			productType = "com.apple.product-type.bundle.unit-test";
		};
/* End PBXNativeTarget section */

/* Begin PBXProject section */
		BBD7501F210B795D00D35A42 /* Project object */ = {
			isa = PBXProject;
			attributes = {
				LastUpgradeCheck = 0940;
				ORGANIZATIONNAME = Genry;
				TargetAttributes = {
					BBD75026210B795D00D35A42 = {
						CreatedOnToolsVersion = 9.4.1;
					};
					BBD7503E210B796000D35A42 = {
						CreatedOnToolsVersion = 9.4.1;
						TestTargetID = BBD75026210B795D00D35A42;
					};
				};
			};
			buildConfigurationList = BBD75022210B795D00D35A42 /* Build configuration list for PBXProject "TicTacToe" */;
			compatibilityVersion = "Xcode 9.3";
			developmentRegion = en;
			hasScannedForEncodings = 0;
			knownRegions = (
				en,
				Base,
			);
			mainGroup = BBD7501E210B795D00D35A42;
			productRefGroup = BBD75028210B795D00D35A42 /* Products */;
			projectDirPath = "";
			projectRoot = "";
			targets = (
				BBD75026210B795D00D35A42 /* TicTacToe */,
				BBD7503E210B796000D35A42 /* TicTacToeTests */,
			);
		};
/* End PBXProject section */

/* Begin PBXResourcesBuildPhase section */
		BBD75025210B795D00D35A42 /* Resources */ = {
			isa = PBXResourcesBuildPhase;
			buildActionMask = 2147483647;
			files = (
				BBD75037210B795F00D35A42 /* LaunchScreen.storyboard in Resources */,
				BBD75034210B795F00D35A42 /* Assets.xcassets in Resources */,
				BBD75032210B795D00D35A42 /* Main.storyboard in Resources */,
			);
			runOnlyForDeploymentPostprocessing = 0;
		};
		BBD7503D210B796000D35A42 /* Resources */ = {
			isa = PBXResourcesBuildPhase;
			buildActionMask = 2147483647;
			files = (
			);
			runOnlyForDeploymentPostprocessing = 0;
		};
/* End PBXResourcesBuildPhase section */

/* Begin PBXSourcesBuildPhase section */
		BBD75023210B795D00D35A42 /* Sources */ = {
			isa = PBXSourcesBuildPhase;
			buildActionMask = 2147483647;
			files = (
				BBD75069210D0C2700D35A42 /* WinView.m in Sources */,
				BBD75066210CC18400D35A42 /* GameViewController.m in Sources */,
				BBD7502F210B795D00D35A42 /* ViewController.m in Sources */,
				BBD75056210C43FF00D35A42 /* AppState.m in Sources */,
				BBD7503A210B795F00D35A42 /* main.m in Sources */,
				BBD75053210C438700D35A42 /* GameBoard.m in Sources */,
				BBD75050210C433800D35A42 /* WinLine.m in Sources */,
				BBD7505C210C616900D35A42 /* Constants.m in Sources */,
				BBD7502C210B795D00D35A42 /* AppDelegate.m in Sources */,
			);
			runOnlyForDeploymentPostprocessing = 0;
		};
		BBD7503B210B796000D35A42 /* Sources */ = {
			isa = PBXSourcesBuildPhase;
			buildActionMask = 2147483647;
			files = (
				BBD7505E210C7A0700D35A42 /* AppStateTests.m in Sources */,
				BBD75060210C89CD00D35A42 /* GameBoardTests.m in Sources */,
			);
			runOnlyForDeploymentPostprocessing = 0;
		};
/* End PBXSourcesBuildPhase section */

/* Begin PBXTargetDependency section */
		BBD75041210B796000D35A42 /* PBXTargetDependency */ = {
			isa = PBXTargetDependency;
			target = BBD75026210B795D00D35A42 /* TicTacToe */;
			targetProxy = BBD75040210B796000D35A42 /* PBXContainerItemProxy */;
		};
/* End PBXTargetDependency section */

/* Begin PBXVariantGroup section */
		BBD75030210B795D00D35A42 /* Main.storyboard */ = {
			isa = PBXVariantGroup;
			children = (
				BBD75031210B795D00D35A42 /* Base */,
			);
			name = Main.storyboard;
			sourceTree = "<group>";
		};
		BBD75035210B795F00D35A42 /* LaunchScreen.storyboard */ = {
			isa = PBXVariantGroup;
			children = (
				BBD75036210B795F00D35A42 /* Base */,
			);
			name = LaunchScreen.storyboard;
			sourceTree = "<group>";
		};
/* End PBXVariantGroup section */

/* Begin XCBuildConfiguration section */
		BBD75046210B796000D35A42 /* Debug */ = {
			isa = XCBuildConfiguration;
			buildSettings = {
				ALWAYS_SEARCH_USER_PATHS = NO;
				CLANG_ANALYZER_NONNULL = YES;
				CLANG_ANALYZER_NUMBER_OBJECT_CONVERSION = YES_AGGRESSIVE;
				CLANG_CXX_LANGUAGE_STANDARD = "gnu++14";
				CLANG_CXX_LIBRARY = "libc++";
				CLANG_ENABLE_MODULES = YES;
				CLANG_ENABLE_OBJC_ARC = YES;
				CLANG_ENABLE_OBJC_WEAK = YES;
				CLANG_WARN_BLOCK_CAPTURE_AUTORELEASING = YES;
				CLANG_WARN_BOOL_CONVERSION = YES;
				CLANG_WARN_COMMA = YES;
				CLANG_WARN_CONSTANT_CONVERSION = YES;
				CLANG_WARN_DEPRECATED_OBJC_IMPLEMENTATIONS = YES;
				CLANG_WARN_DIRECT_OBJC_ISA_USAGE = YES_ERROR;
				CLANG_WARN_DOCUMENTATION_COMMENTS = YES;
				CLANG_WARN_EMPTY_BODY = YES;
				CLANG_WARN_ENUM_CONVERSION = YES;
				CLANG_WARN_INFINITE_RECURSION = YES;
				CLANG_WARN_INT_CONVERSION = YES;
				CLANG_WARN_NON_LITERAL_NULL_CONVERSION = YES;
				CLANG_WARN_OBJC_IMPLICIT_RETAIN_SELF = YES;
				CLANG_WARN_OBJC_LITERAL_CONVERSION = YES;
				CLANG_WARN_OBJC_ROOT_CLASS = YES_ERROR;
				CLANG_WARN_RANGE_LOOP_ANALYSIS = YES;
				CLANG_WARN_STRICT_PROTOTYPES = YES;
				CLANG_WARN_SUSPICIOUS_MOVE = YES;
				CLANG_WARN_UNGUARDED_AVAILABILITY = YES_AGGRESSIVE;
				CLANG_WARN_UNREACHABLE_CODE = YES;
				CLANG_WARN__DUPLICATE_METHOD_MATCH = YES;
				CODE_SIGN_IDENTITY = "iPhone Developer";
				COPY_PHASE_STRIP = NO;
				DEBUG_INFORMATION_FORMAT = dwarf;
				ENABLE_STRICT_OBJC_MSGSEND = YES;
				ENABLE_TESTABILITY = YES;
				GCC_C_LANGUAGE_STANDARD = gnu11;
				GCC_DYNAMIC_NO_PIC = NO;
				GCC_NO_COMMON_BLOCKS = YES;
				GCC_OPTIMIZATION_LEVEL = 0;
				GCC_PRECOMPILE_PREFIX_HEADER = YES;
				GCC_PREFIX_HEADER = "$(SRCROOT)/TicTacToe/TicTacToeHeaderPrefix.pch";
				GCC_PREPROCESSOR_DEFINITIONS = (
					"DEBUG=1",
					"$(inherited)",
				);
				GCC_WARN_64_TO_32_BIT_CONVERSION = YES;
				GCC_WARN_ABOUT_RETURN_TYPE = YES_ERROR;
				GCC_WARN_UNDECLARED_SELECTOR = YES;
				GCC_WARN_UNINITIALIZED_AUTOS = YES_AGGRESSIVE;
				GCC_WARN_UNUSED_FUNCTION = YES;
				GCC_WARN_UNUSED_VARIABLE = YES;
				IPHONEOS_DEPLOYMENT_TARGET = 11.4;
				MTL_ENABLE_DEBUG_INFO = YES;
				ONLY_ACTIVE_ARCH = YES;
				SDKROOT = iphoneos;
			};
			name = Debug;
		};
		BBD75047210B796000D35A42 /* Release */ = {
			isa = XCBuildConfiguration;
			buildSettings = {
				ALWAYS_SEARCH_USER_PATHS = NO;
				CLANG_ANALYZER_NONNULL = YES;
				CLANG_ANALYZER_NUMBER_OBJECT_CONVERSION = YES_AGGRESSIVE;
				CLANG_CXX_LANGUAGE_STANDARD = "gnu++14";
				CLANG_CXX_LIBRARY = "libc++";
				CLANG_ENABLE_MODULES = YES;
				CLANG_ENABLE_OBJC_ARC = YES;
				CLANG_ENABLE_OBJC_WEAK = YES;
				CLANG_WARN_BLOCK_CAPTURE_AUTORELEASING = YES;
				CLANG_WARN_BOOL_CONVERSION = YES;
				CLANG_WARN_COMMA = YES;
				CLANG_WARN_CONSTANT_CONVERSION = YES;
				CLANG_WARN_DEPRECATED_OBJC_IMPLEMENTATIONS = YES;
				CLANG_WARN_DIRECT_OBJC_ISA_USAGE = YES_ERROR;
				CLANG_WARN_DOCUMENTATION_COMMENTS = YES;
				CLANG_WARN_EMPTY_BODY = YES;
				CLANG_WARN_ENUM_CONVERSION = YES;
				CLANG_WARN_INFINITE_RECURSION = YES;
				CLANG_WARN_INT_CONVERSION = YES;
				CLANG_WARN_NON_LITERAL_NULL_CONVERSION = YES;
				CLANG_WARN_OBJC_IMPLICIT_RETAIN_SELF = YES;
				CLANG_WARN_OBJC_LITERAL_CONVERSION = YES;
				CLANG_WARN_OBJC_ROOT_CLASS = YES_ERROR;
				CLANG_WARN_RANGE_LOOP_ANALYSIS = YES;
				CLANG_WARN_STRICT_PROTOTYPES = YES;
				CLANG_WARN_SUSPICIOUS_MOVE = YES;
				CLANG_WARN_UNGUARDED_AVAILABILITY = YES_AGGRESSIVE;
				CLANG_WARN_UNREACHABLE_CODE = YES;
				CLANG_WARN__DUPLICATE_METHOD_MATCH = YES;
				CODE_SIGN_IDENTITY = "iPhone Developer";
				COPY_PHASE_STRIP = NO;
				DEBUG_INFORMATION_FORMAT = "dwarf-with-dsym";
				ENABLE_NS_ASSERTIONS = NO;
				ENABLE_STRICT_OBJC_MSGSEND = YES;
				GCC_C_LANGUAGE_STANDARD = gnu11;
				GCC_NO_COMMON_BLOCKS = YES;
				GCC_PRECOMPILE_PREFIX_HEADER = YES;
				GCC_PREFIX_HEADER = "$(SRCROOT)/TicTacToe/TicTacToeHeaderPrefix.pch";
				GCC_WARN_64_TO_32_BIT_CONVERSION = YES;
				GCC_WARN_ABOUT_RETURN_TYPE = YES_ERROR;
				GCC_WARN_UNDECLARED_SELECTOR = YES;
				GCC_WARN_UNINITIALIZED_AUTOS = YES_AGGRESSIVE;
				GCC_WARN_UNUSED_FUNCTION = YES;
				GCC_WARN_UNUSED_VARIABLE = YES;
				IPHONEOS_DEPLOYMENT_TARGET = 11.4;
				MTL_ENABLE_DEBUG_INFO = NO;
				SDKROOT = iphoneos;
				VALIDATE_PRODUCT = YES;
			};
			name = Release;
		};
		BBD75049210B796000D35A42 /* Debug */ = {
			isa = XCBuildConfiguration;
			buildSettings = {
				ASSETCATALOG_COMPILER_APPICON_NAME = AppIcon;
				CODE_SIGN_STYLE = Automatic;
				INFOPLIST_FILE = TicTacToe/Info.plist;
				LD_RUNPATH_SEARCH_PATHS = (
					"$(inherited)",
					"@executable_path/Frameworks",
				);
				PRODUCT_BUNDLE_IDENTIFIER = TestTask.TicTacToe;
				PRODUCT_NAME = "$(TARGET_NAME)";
				TARGETED_DEVICE_FAMILY = "1,2";
			};
			name = Debug;
		};
		BBD7504A210B796000D35A42 /* Release */ = {
			isa = XCBuildConfiguration;
			buildSettings = {
				ASSETCATALOG_COMPILER_APPICON_NAME = AppIcon;
				CODE_SIGN_STYLE = Automatic;
				INFOPLIST_FILE = TicTacToe/Info.plist;
				LD_RUNPATH_SEARCH_PATHS = (
					"$(inherited)",
					"@executable_path/Frameworks",
				);
				PRODUCT_BUNDLE_IDENTIFIER = TestTask.TicTacToe;
				PRODUCT_NAME = "$(TARGET_NAME)";
				TARGETED_DEVICE_FAMILY = "1,2";
			};
			name = Release;
		};
		BBD7504C210B796000D35A42 /* Debug */ = {
			isa = XCBuildConfiguration;
			buildSettings = {
				BUNDLE_LOADER = "$(TEST_HOST)";
				CODE_SIGN_STYLE = Automatic;
				INFOPLIST_FILE = TicTacToeTests/Info.plist;
				LD_RUNPATH_SEARCH_PATHS = (
					"$(inherited)",
					"@executable_path/Frameworks",
					"@loader_path/Frameworks",
				);
				PRODUCT_BUNDLE_IDENTIFIER = TestTask.TicTacToeTests;
				PRODUCT_NAME = "$(TARGET_NAME)";
				TARGETED_DEVICE_FAMILY = "1,2";
				TEST_HOST = "$(BUILT_PRODUCTS_DIR)/TicTacToe.app/TicTacToe";
			};
			name = Debug;
		};
		BBD7504D210B796000D35A42 /* Release */ = {
			isa = XCBuildConfiguration;
			buildSettings = {
				BUNDLE_LOADER = "$(TEST_HOST)";
				CODE_SIGN_STYLE = Automatic;
				INFOPLIST_FILE = TicTacToeTests/Info.plist;
				LD_RUNPATH_SEARCH_PATHS = (
					"$(inherited)",
					"@executable_path/Frameworks",
					"@loader_path/Frameworks",
				);
				PRODUCT_BUNDLE_IDENTIFIER = TestTask.TicTacToeTests;
				PRODUCT_NAME = "$(TARGET_NAME)";
				TARGETED_DEVICE_FAMILY = "1,2";
				TEST_HOST = "$(BUILT_PRODUCTS_DIR)/TicTacToe.app/TicTacToe";
			};
			name = Release;
		};
/* End XCBuildConfiguration section */

/* Begin XCConfigurationList section */
		BBD75022210B795D00D35A42 /* Build configuration list for PBXProject "TicTacToe" */ = {
			isa = XCConfigurationList;
			buildConfigurations = (
				BBD75046210B796000D35A42 /* Debug */,
				BBD75047210B796000D35A42 /* Release */,
			);
			defaultConfigurationIsVisible = 0;
			defaultConfigurationName = Release;
		};
		BBD75048210B796000D35A42 /* Build configuration list for PBXNativeTarget "TicTacToe" */ = {
			isa = XCConfigurationList;
			buildConfigurations = (
				BBD75049210B796000D35A42 /* Debug */,
				BBD7504A210B796000D35A42 /* Release */,
			);
			defaultConfigurationIsVisible = 0;
			defaultConfigurationName = Release;
		};
		BBD7504B210B796000D35A42 /* Build configuration list for PBXNativeTarget "TicTacToeTests" */ = {
			isa = XCConfigurationList;
			buildConfigurations = (
				BBD7504C210B796000D35A42 /* Debug */,
				BBD7504D210B796000D35A42 /* Release */,
			);
			defaultConfigurationIsVisible = 0;
			defaultConfigurationName = Release;
		};
/* End XCConfigurationList section */
	};
	rootObject = BBD7501F210B795D00D35A42 /* Project object */;
}
